
Microsoft Visual Studio Solution File, Format Version 12.00
# Visual Studio 15
VisualStudioVersion = 15.0.28307.572
MinimumVisualStudioVersion = 10.0.40219.1
Project("{FAE04EC0-301F-11D3-BF4B-00C04F79EFBC}") = "GospDiplom.Web", "GospDiplom.Web\GospDiplom.Web.csproj", "{395217F0-6686-40BC-A6E4-A508C09D630C}"
EndProject
Project("{FAE04EC0-301F-11D3-BF4B-00C04F79EFBC}") = "GospDiplom.DAL", "GospDiplom.DAL\GospDiplom.DAL.csproj", "{BBD825B5-8BC7-4F90-8425-21343F3A675F}"
EndProject
Project("{FAE04EC0-301F-11D3-BF4B-00C04F79EFBC}") = "GospDiplom.BLL", "GospDiplom.BLL\GospDiplom.BLL.csproj", "{8DA06144-C928-4AED-B555-7A92783C8908}"
EndProject
Global
	GlobalSection(SolutionConfigurationPlatforms) = preSolution
		Debug|Any CPU = Debug|Any CPU
		Release|Any CPU = Release|Any CPU
	EndGlobalSection
	GlobalSection(ProjectConfigurationPlatforms) = postSolution
		{395217F0-6686-40BC-A6E4-A508C09D630C}.Debug|Any CPU.ActiveCfg = Debug|Any CPU
		{395217F0-6686-40BC-A6E4-A508C09D630C}.Debug|Any CPU.Build.0 = Debug|Any CPU
		{395217F0-6686-40BC-A6E4-A508C09D630C}.Release|Any CPU.ActiveCfg = Release|Any CPU
		{395217F0-6686-40BC-A6E4-A508C09D630C}.Release|Any CPU.Build.0 = Release|Any CPU
		{BBD825B5-8BC7-4F90-8425-21343F3A675F}.Debug|Any CPU.ActiveCfg = Debug|Any CPU
		{BBD825B5-8BC7-4F90-8425-21343F3A675F}.Debug|Any CPU.Build.0 = Debug|Any CPU
		{BBD825B5-8BC7-4F90-8425-21343F3A675F}.Release|Any CPU.ActiveCfg = Release|Any CPU
		{BBD825B5-8BC7-4F90-8425-21343F3A675F}.Release|Any CPU.Build.0 = Release|Any CPU
		{8DA06144-C928-4AED-B555-7A92783C8908}.Debug|Any CPU.ActiveCfg = Debug|Any CPU
		{8DA06144-C928-4AED-B555-7A92783C8908}.Debug|Any CPU.Build.0 = Debug|Any CPU
		{8DA06144-C928-4AED-B555-7A92783C8908}.Release|Any CPU.ActiveCfg = Release|Any CPU
		{8DA06144-C928-4AED-B555-7A92783C8908}.Release|Any CPU.Build.0 = Release|Any CPU
	EndGlobalSection
	GlobalSection(SolutionProperties) = preSolution
		HideSolutionNode = FALSE
	EndGlobalSection
	GlobalSection(ExtensibilityGlobals) = postSolution
		SolutionGuid = {C2E47EFC-25D2-4DE0-9EE4-C7EB7576AF0D}
	EndGlobalSection
EndGlobal
